# This file is autogenerated, do not edit; changes may be undone by the next 'dep ensure'.


[[projects]]
  digest = "1:297db10f51274a55b99badf430924b440c7285bda8273761321353e60d41e254"
  name = "go.uber.org/dig"
  packages = [
    ".",
    "internal/digreflect",
    "internal/dot",
  ]
  pruneopts = "UT"
  revision = "be3040509ed2f4075ec55f1f6632596608477a23"
  version = "v1.8.0"

[[projects]]
  branch = "master"
  digest = "1:334b27eac455cb6567ea28cd424230b07b1a64334a2f861a8075ac26ce10af43"
  name = "golang.org/x/lint"
  packages = [
    ".",
    "golint",
  ]
  pruneopts = "UT"
  revision = "fdd1cda4f05fd1fd86124f0ef9ce31a0b72c8448"

[[projects]]
  branch = "master"
  digest = "1:375bbce2bbd503937b18f404fe297d6d723ac2387097a0425e3316f20324f491"
  name = "golang.org/x/tools"
  packages = [
    "go/ast/astutil",
    "go/gcexportdata",
    "go/internal/gcimporter",
    "go/types/typeutil",
  ]
  pruneopts = "UT"
  revision = "0cba7a3a9ee9d9a5917ed56b9668e7ad35eaa571"

[solve-meta]
  analyzer-name = "dep"
  analyzer-version = 1
  input-imports = ["go.uber.org/dig"]
  solver-name = "gps-cdcl"
  solver-version = 1
